
Microsoft Visual Studio Solution File, Format Version 12.00
# Visual Studio Version 17
VisualStudioVersion = 17.1.32328.378
MinimumVisualStudioVersion = 10.0.40219.1
Project("{9A19103F-16F7-4668-BE54-9A1E7A4F7556}") = "eAgenda.ConsoleApp", "eAgenda.ConsoleApp\eAgenda.ConsoleApp.csproj", "{DA6485BC-6587-44DE-8DB7-2EF64790A611}"
EndProject
Global
	GlobalSection(SolutionConfigurationPlatforms) = preSolution
		Debug|Any CPU = Debug|Any CPU
		Release|Any CPU = Release|Any CPU
	EndGlobalSection
	GlobalSection(ProjectConfigurationPlatforms) = postSolution
		{DA6485BC-6587-44DE-8DB7-2EF64790A611}.Debug|Any CPU.ActiveCfg = Debug|Any CPU
		{DA6485BC-6587-44DE-8DB7-2EF64790A611}.Debug|Any CPU.Build.0 = Debug|Any CPU
		{DA6485BC-6587-44DE-8DB7-2EF64790A611}.Release|Any CPU.ActiveCfg = Release|Any CPU
		{DA6485BC-6587-44DE-8DB7-2EF64790A611}.Release|Any CPU.Build.0 = Release|Any CPU
	EndGlobalSection
	GlobalSection(SolutionProperties) = preSolution
		HideSolutionNode = FALSE
	EndGlobalSection
	GlobalSection(ExtensibilityGlobals) = postSolution
		SolutionGuid = {72E54128-E9B9-4B53-9AF3-C27A6134277E}
	EndGlobalSection
EndGlobal
